
Microsoft Visual Studio Solution File, Format Version 12.00
# Visual Studio Version 16
VisualStudioVersion = 16.0.808.2
MinimumVisualStudioVersion = 10.0.40219.1
Project("{FAE04EC0-301F-11D3-BF4B-00C04F79EFBC}") = "TCPSocket", "TCPSocket\TCPSocket.csproj", "{00DC69FA-48FD-44FF-B409-B13F83896CE1}"
EndProject
Global
	GlobalSection(SolutionConfigurationPlatforms) = preSolution
		Debug|anycpu = Debug|anycpu
		Release|anycpu = Release|anycpu
	EndGlobalSection
	GlobalSection(ProjectConfigurationPlatforms) = postSolution
		{00DC69FA-48FD-44FF-B409-B13F83896CE1}.Debug|anycpu.ActiveCfg = Debug|anycpu
		{00DC69FA-48FD-44FF-B409-B13F83896CE1}.Debug|anycpu.Build.0 = Debug|anycpu
		{00DC69FA-48FD-44FF-B409-B13F83896CE1}.Release|anycpu.ActiveCfg = Release|anycpu
		{00DC69FA-48FD-44FF-B409-B13F83896CE1}.Release|anycpu.Build.0 = Release|anycpu
	EndGlobalSection
	GlobalSection(SolutionProperties) = preSolution
		HideSolutionNode = FALSE
	EndGlobalSection
	GlobalSection(ExtensibilityGlobals) = postSolution
		SolutionGuid = {E1E8A704-592A-4F15-914A-48CF030CD23E}
	EndGlobalSection
EndGlobal
